{
  "originHash" : "1f5b5e0d01aff2f6016ed5a460a84a1af9cc056de01075b4cf9876817ee61dcb",
  "pins" : [
    {
      "identity" : "swift-argument-parser",
      "kind" : "remoteSourceControl",
      "location" : "https://github.com/apple/swift-argument-parser.git",
      "state" : {
        "revision" : "c5d11a805e765f52ba34ec7284bd4fcd6ba68615",
        "version" : "1.7.0"
      }
    },
    {
      "identity" : "swift-async-algorithms",
      "kind" : "remoteSourceControl",
      "location" : "https://github.com/apple/swift-async-algorithms",
      "state" : {
        "revision" : "6c050d5ef8e1aa6342528460db614e9770d7f804",
        "version" : "1.1.1"
      }
    },
    {
      "identity" : "swift-collections",
      "kind" : "remoteSourceControl",
      "location" : "https://github.com/apple/swift-collections.git",
      "state" : {
        "revision" : "7b847a3b7008b2dc2f47ca3110d8c782fb2e5c7e",
        "version" : "1.3.0"
      }
    },
    {
      "identity" : "swift-log",
      "kind" : "remoteSourceControl",
      "location" : "https://github.com/apple/swift-log.git",
      "state" : {
        "revision" : "bc386b95f2a16ccd0150a8235e7c69eab2b866ca",
        "version" : "1.8.0"
      }
    },
    {
      "identity" : "swift-service-lifecycle",
      "kind" : "remoteSourceControl",
      "location" : "https://github.com/swift-server/swift-service-lifecycle.git",
      "state" : {
        "revision" : "1de37290c0ab3c5a96028e0f02911b672fd42348",
        "version" : "2.9.1"
      }
    },
    {
      "identity" : "swift-subprocess",
      "kind" : "remoteSourceControl",
      "location" : "https://github.com/swiftlang/swift-subprocess.git",
      "state" : {
        "branch" : "main",
        "revision" : "ab2072d457d1464b17166cc02125fc9fc0791e1a"
      }
    },
    {
      "identity" : "swift-system",
      "kind" : "remoteSourceControl",
      "location" : "https://github.com/apple/swift-system",
      "state" : {
        "revision" : "395a77f0aa927f0ff73941d7ac35f2b46d47c9db",
        "version" : "1.6.3"
      }
    },
    {
      "identity" : "terminal-ansi",
      "kind" : "remoteSourceControl",
      "location" : "https://github.com/juri/terminal-ansi",
      "state" : {
        "revision" : "4a56c05d18cd7cb0ad85fcc0bd1b616f45c8a067",
        "version" : "0.3.0"
      }
    },
    {
      "identity" : "tomldecoder",
      "kind" : "remoteSourceControl",
      "location" : "https://github.com/dduan/TOMLDecoder.git",
      "state" : {
        "revision" : "cb460d67dab263f33e2fc49de2f2ab5307f9bbbb",
        "version" : "0.4.2"
      }
    },
    {
      "identity" : "tui-fuzzy-finder",
      "kind" : "remoteSourceControl",
      "location" : "https://github.com/juri/tui-fuzzy-finder.git",
      "state" : {
        "revision" : "17c5cb231aa9ca6f2b37ae7d2f452fb8a5e30daf",
        "version" : "0.6.0"
      }
    }
  ],
  "version" : 3
}
